
Microsoft Visual Studio Solution File, Format Version 12.00
# Visual Studio Version 17
VisualStudioVersion = 17.11.35222.181
MinimumVisualStudioVersion = 10.0.40219.1
Project("{FAE04EC0-301F-11D3-BF4B-00C04F79EFBC}") = "Gas Analysis", "Gas Analysis.csproj", "{1DECC2E8-6478-473E-B46F-8D17D596D6F0}"
EndProject
Global
	GlobalSection(SolutionConfigurationPlatforms) = preSolution
		Debug|Any CPU = Debug|Any CPU
		Release|Any CPU = Release|Any CPU
	EndGlobalSection
	GlobalSection(ProjectConfigurationPlatforms) = postSolution
		{1DECC2E8-6478-473E-B46F-8D17D596D6F0}.Debug|Any CPU.ActiveCfg = Debug|Any CPU
		{1DECC2E8-6478-473E-B46F-8D17D596D6F0}.Debug|Any CPU.Build.0 = Debug|Any CPU
		{1DECC2E8-6478-473E-B46F-8D17D596D6F0}.Release|Any CPU.ActiveCfg = Release|Any CPU
		{1DECC2E8-6478-473E-B46F-8D17D596D6F0}.Release|Any CPU.Build.0 = Release|Any CPU
	EndGlobalSection
	GlobalSection(SolutionProperties) = preSolution
		HideSolutionNode = FALSE
	EndGlobalSection
	GlobalSection(ExtensibilityGlobals) = postSolution
		SolutionGuid = {E86CC424-2DC5-455F-943A-49DBFBC3E5C4}
	EndGlobalSection
EndGlobal
